schema: '2.0'
stages:
  transcribe@dog-man-2025:
    cmd: whisperx "F:/Dog Man (2025) [1080p] [WEBRip] [5.1] 
      [YTS.MX]/Dog.Man.2025.1080p.WEBRip.x264.AAC5.1-[YTS.MX].mp4" --language en
      --model large-v3 --device cuda --compute_type float16 --output_format json
      --output_dir work/dog-man-2025/whisper
    deps:
    - path: F:/Dog Man (2025) [1080p] [WEBRip] [5.1] 
        [YTS.MX]/Dog.Man.2025.1080p.WEBRip.x264.AAC5.1-[YTS.MX].mp4
      hash: md5
      md5: b24cbf59ac862394d5c58cb9ff152069
      size: 1768566189
    params:
      params.yaml:
        whisper:
          model: large-v3
          language: en
          device: cuda
          compute_type: float16
    outs:
    - path: work/dog-man-2025/whisper
      hash: md5
      md5: 7cb5749c42b1abcc032c49bb549b3277.dir
      size: 1050983
      nfiles: 1
  transcribe@ann-droid-s01e01:
    cmd: whisperx "F:/Videos/Ann Droid/Ann Droid S01E01 1080p iP WEB-DL AAC2 0 H
      264-RAWR[EZTVx.to].mkv" --language en --model large-v3 --device cuda 
      --compute_type float16 --output_format json --output_dir 
      work/ann-droid-s01e01/whisper
    deps:
    - path: F:/Videos/Ann Droid/Ann Droid S01E01 1080p iP WEB-DL AAC2 0 H 
        264-RAWR[EZTVx.to].mkv
      hash: md5
      md5: 74ff76afdc90c8fe9ad6245b3492803e
      size: 1006960013
    params:
      params.yaml:
        whisper:
          model: large-v3
          language: en
          device: cuda
          compute_type: float16
    outs:
    - path: work/ann-droid-s01e01/whisper
      hash: md5
      md5: fd785aa686e423bce769ea07d061adbd.dir
      size: 468068
      nfiles: 1
  align@dog-man-2025:
    cmd: python ../align_srt.py "films/dog-man-2025/original.srt" 
      work/dog-man-2025/whisper out/dog-man-2025/fixed.srt --audio "F:/Dog Man 
      (2025) [1080p] [WEBRip] [5.1] 
      [YTS.MX]/Dog.Man.2025.1080p.WEBRip.x264.AAC5.1-[YTS.MX].mp4" --quiet 
      --report out/dog-man-2025/fixed.report.csv --snapshots 
      out/dog-man-2025/steps --metrics out/dog-man-2025/align.json --params 
      params.yaml --changes out/dog-man-2025/changes.csv --audio-cache 
      cache/dog-man-2025/confidence.sqlite
    deps:
    - path: ../align_srt.py
      hash: md5
      md5: 939c634e0f487636d858d93952999a2c
      size: 41801
    - path: F:/Dog Man (2025) [1080p] [WEBRip] [5.1] 
        [YTS.MX]/Dog.Man.2025.1080p.WEBRip.x264.AAC5.1-[YTS.MX].mp4
      hash: md5
      md5: b24cbf59ac862394d5c58cb9ff152069
      size: 1768566189
    - path: films/dog-man-2025/original.srt
      hash: md5
      md5: 87f37b1d6b80bd6e96546bc48f7294ba
      size: 86001
    - path: work/dog-man-2025/whisper
      hash: md5
      md5: 7cb5749c42b1abcc032c49bb549b3277.dir
      size: 1050983
      nfiles: 1
    params:
      params.yaml:
        align:
          align_words:
            min_sim: 0.75
          time_cues:
            max_word_gap: 1.5
          reject_outliers:
            strong_dev: 1.5
            weak_dev: 1.0
            window: 8
          reject_outliers_audio:
            strong_dev: 1.0
            weak_dev: 1.0
          interpolate_missing:
            side: 3
          verify_with_audio:
            min_margin: 0.05
          rescue_local:
            time_window: 1.5
            min_score: 85
          revert_out_of_order:
            tolerance: 1.0
    outs:
    - path: out/dog-man-2025/align.json
      hash: md5
      md5: abefc4a4708d93aeb23829e498e6b461
      size: 168
    - path: out/dog-man-2025/changes.csv
      hash: md5
      md5: a16bfde02ed0be3837c4713dcfe1ca8a
      size: 342982
    - path: out/dog-man-2025/fixed.report.csv
      hash: md5
      md5: cc9b791a938f5bcd736e88a268104bcc
      size: 151393
    - path: out/dog-man-2025/fixed.srt
      hash: md5
      md5: c0500e82bdb2d1861aa27f5141a32674
      size: 92059
    - path: out/dog-man-2025/steps
      hash: md5
      md5: 6f9998df336629647be092b5f5ad2df7.dir
      size: 1491609
      nfiles: 8
  align@ann-droid-s01e01:
    cmd: python ../align_srt.py "films/ann-droid-s01e01/original.srt" 
      work/ann-droid-s01e01/whisper out/ann-droid-s01e01/fixed.srt --audio 
      "F:/Videos/Ann Droid/Ann Droid S01E01 1080p iP WEB-DL AAC2 0 H 
      264-RAWR[EZTVx.to].mkv" --quiet --report 
      out/ann-droid-s01e01/fixed.report.csv --snapshots 
      out/ann-droid-s01e01/steps --metrics out/ann-droid-s01e01/align.json 
      --params params.yaml --changes out/ann-droid-s01e01/changes.csv 
      --audio-cache cache/ann-droid-s01e01/confidence.sqlite
    deps:
    - path: ../align_srt.py
      hash: md5
      md5: 939c634e0f487636d858d93952999a2c
      size: 41801
    - path: F:/Videos/Ann Droid/Ann Droid S01E01 1080p iP WEB-DL AAC2 0 H 
        264-RAWR[EZTVx.to].mkv
      hash: md5
      md5: 74ff76afdc90c8fe9ad6245b3492803e
      size: 1006960013
    - path: films/ann-droid-s01e01/original.srt
      hash: md5
      md5: cbcea3a3a0ec4c52c15dfa3d460d5e90
      size: 30880
    - path: work/ann-droid-s01e01/whisper
      hash: md5
      md5: fd785aa686e423bce769ea07d061adbd.dir
      size: 468068
      nfiles: 1
    params:
      params.yaml:
        align:
          align_words:
            min_sim: 0.75
          time_cues:
            max_word_gap: 1.5
          reject_outliers:
            strong_dev: 1.5
            weak_dev: 1.0
            window: 8
          reject_outliers_audio:
            strong_dev: 1.0
            weak_dev: 1.0
          interpolate_missing:
            side: 3
          verify_with_audio:
            min_margin: 0.05
          rescue_local:
            time_window: 1.5
            min_score: 85
          revert_out_of_order:
            tolerance: 1.0
    outs:
    - path: out/ann-droid-s01e01/align.json
      hash: md5
      md5: fdf2ae57b5d37e9c045e7a25febfd7c5
      size: 164
    - path: out/ann-droid-s01e01/changes.csv
      hash: md5
      md5: ce0a6437c85506fe1b532f6d48d731f7
      size: 110897
    - path: out/ann-droid-s01e01/fixed.report.csv
      hash: md5
      md5: ade021e39a7cc7309bcbde2392dc9233
      size: 54047
    - path: out/ann-droid-s01e01/fixed.srt
      hash: md5
      md5: 4bdaabeff6c6896614d4637436a321fe
      size: 32794
    - path: out/ann-droid-s01e01/steps
      hash: md5
      md5: 8283f78dd09df00f06a6137c6fc2830c.dir
      size: 570599
      nfiles: 8
  evaluate@dog-man-2025:
    cmd: python ../evaluate_timing.py "films/dog-man-2025/ffsubsync.srt" 
      out/dog-man-2025/fixed.srt --audio "F:/Dog Man (2025) [1080p] [WEBRip] 
      [5.1] [YTS.MX]/Dog.Man.2025.1080p.WEBRip.x264.AAC5.1-[YTS.MX].mp4" --json 
      out/dog-man-2025/eval.json --audio-cache 
      cache/dog-man-2025/confidence.sqlite
    deps:
    - path: ../align_srt.py
      hash: md5
      md5: 939c634e0f487636d858d93952999a2c
      size: 41801
    - path: ../evaluate_timing.py
      hash: md5
      md5: 08ac26ee3bd293c431adf39cbb0d0250
      size: 6607
    - path: films/dog-man-2025/ffsubsync.srt
      hash: md5
      md5: fe12b64abce718ba712a9fc8a10f28e6
      size: 85094
    - path: out/dog-man-2025/fixed.srt
      hash: md5
      md5: c0500e82bdb2d1861aa27f5141a32674
      size: 92059
    outs:
    - path: out/dog-man-2025/eval.json
      hash: md5
      md5: bd3ca22f7d1012be240bff5c6e831b0c
      size: 660
  evaluate@ann-droid-s01e01:
    cmd: python ../evaluate_timing.py "films/ann-droid-s01e01/ffsubsync.srt" 
      out/ann-droid-s01e01/fixed.srt --audio "F:/Videos/Ann Droid/Ann Droid 
      S01E01 1080p iP WEB-DL AAC2 0 H 264-RAWR[EZTVx.to].mkv" --json 
      out/ann-droid-s01e01/eval.json --audio-cache 
      cache/ann-droid-s01e01/confidence.sqlite
    deps:
    - path: ../align_srt.py
      hash: md5
      md5: 939c634e0f487636d858d93952999a2c
      size: 41801
    - path: ../evaluate_timing.py
      hash: md5
      md5: 08ac26ee3bd293c431adf39cbb0d0250
      size: 6607
    - path: films/ann-droid-s01e01/ffsubsync.srt
      hash: md5
      md5: 96192f86c16300a2d2352122bd7c11d0
      size: 30673
    - path: out/ann-droid-s01e01/fixed.srt
      hash: md5
      md5: 4bdaabeff6c6896614d4637436a321fe
      size: 32794
    outs:
    - path: out/ann-droid-s01e01/eval.json
      hash: md5
      md5: 7d37622b4991178ad1f7b9a9a40dacb5
      size: 658
  align@dog-man-2025-sample-1092-1151:
    cmd: python ../align_srt.py 
      "films/dog-man-2025-sample-1092-1151/original.srt" 
      films/dog-man-2025-sample-1092-1151/whisper 
      out/dog-man-2025-sample-1092-1151/fixed.srt --audio "F:/Dog Man (2025) 
      [1080p] [WEBRip] [5.1] 
      [YTS.MX]/Dog.Man.2025.1080p.WEBRip.x264.AAC5.1-[YTS.MX].mp4" --quiet 
      --report out/dog-man-2025-sample-1092-1151/fixed.report.csv --snapshots 
      out/dog-man-2025-sample-1092-1151/steps --metrics 
      out/dog-man-2025-sample-1092-1151/align.json --params params.yaml 
      --changes out/dog-man-2025-sample-1092-1151/changes.csv --audio-cache 
      cache/dog-man-2025-sample-1092-1151/confidence.sqlite
    deps:
    - path: ../align_srt.py
      hash: md5
      md5: 49c2f4169e11526d4261d76f8b96db21
      size: 42443
    - path: F:/Dog Man (2025) [1080p] [WEBRip] [5.1] 
        [YTS.MX]/Dog.Man.2025.1080p.WEBRip.x264.AAC5.1-[YTS.MX].mp4
      hash: md5
      md5: b24cbf59ac862394d5c58cb9ff152069
      size: 1768566189
    - path: films/dog-man-2025-sample-1092-1151/original.srt
      hash: md5
      md5: f893b5930f512ade50ad6ee0455728ea
      size: 5108
    - path: films/dog-man-2025-sample-1092-1151/whisper
      hash: md5
      md5: 96945a92230ba941cf1c909d019e2a8c.dir
      size: 61341
      nfiles: 1
    params:
      params.yaml:
        align:
          align_words:
            min_sim: 0.75
          time_cues:
            max_word_gap: 1.5
          reject_outliers:
            strong_dev: 1.5
            weak_dev: 1.0
            window: 8
          reject_outliers_audio:
            strong_dev: 1.0
            weak_dev: 1.0
          interpolate_missing:
            side: 3
          verify_with_audio:
            min_margin: 0.05
          rescue_local:
            time_window: 1.5
            min_score: 85
          revert_out_of_order:
            tolerance: 1.0
    outs:
    - path: out/dog-man-2025-sample-1092-1151/align.json
      hash: md5
      md5: 3c69243b3de811d19c69f714210c255b
      size: 162
    - path: out/dog-man-2025-sample-1092-1151/changes.csv
      hash: md5
      md5: 5dfc7081f86c219bff73fbbde2fa289c
      size: 24051
    - path: out/dog-man-2025-sample-1092-1151/fixed.report.csv
      hash: md5
      md5: 420f9e9fb2ba27884422ef918d6e46f1
      size: 9517
    - path: out/dog-man-2025-sample-1092-1151/fixed.srt
      hash: md5
      md5: c14a035554d04b95cc7c1c82e96dc76f
      size: 5478
    - path: out/dog-man-2025-sample-1092-1151/steps
      hash: md5
      md5: 817037d4e75b93a23f705c9307843ca2.dir
      size: 85960
      nfiles: 8
  evaluate@dog-man-2025-sample-1092-1151:
    cmd: python ../evaluate_timing.py 
      "films/dog-man-2025-sample-1092-1151/ffsubsync.srt" 
      out/dog-man-2025-sample-1092-1151/fixed.srt --audio "F:/Dog Man (2025) 
      [1080p] [WEBRip] [5.1] 
      [YTS.MX]/Dog.Man.2025.1080p.WEBRip.x264.AAC5.1-[YTS.MX].mp4" --json 
      out/dog-man-2025-sample-1092-1151/eval.json --audio-cache 
      cache/dog-man-2025-sample-1092-1151/confidence.sqlite
    deps:
    - path: ../align_srt.py
      hash: md5
      md5: 49c2f4169e11526d4261d76f8b96db21
      size: 42443
    - path: ../evaluate_timing.py
      hash: md5
      md5: 08ac26ee3bd293c431adf39cbb0d0250
      size: 6607
    - path: films/dog-man-2025-sample-1092-1151/ffsubsync.srt
      hash: md5
      md5: bedefa54e5ec32ae13264d6ab7c191e4
      size: 5108
    - path: out/dog-man-2025-sample-1092-1151/fixed.srt
      hash: md5
      md5: c14a035554d04b95cc7c1c82e96dc76f
      size: 5478
    outs:
    - path: out/dog-man-2025-sample-1092-1151/eval.json
      hash: md5
      md5: 33a04de3c37b4245dff26bb2052772c0
      size: 653
  diagrams@dog-man-2025-sample-1092-1151:
    cmd: python flow_diagrams.py out/dog-man-2025-sample-1092-1151
    deps:
    - path: flow_diagrams.py
      hash: md5
      md5: 710081cf05849f7b54bb5c6f8d44647a
      size: 24465
    - path: out/dog-man-2025-sample-1092-1151/steps
      hash: md5
      md5: 817037d4e75b93a23f705c9307843ca2.dir
      size: 85960
      nfiles: 8
    outs:
    - path: out/dog-man-2025-sample-1092-1151/diagrams
      hash: md5
      md5: 7e79fd8fb662b59b0b9f1c43ab7148be.dir
      size: 78885
      nfiles: 4
